
Microsoft Visual Studio Solution File, Format Version 11.00
# Visual Studio 2010
Project("{FAE04EC0-301F-11D3-BF4B-00C04F79EFBC}") = "WindowsBankingApplication", "WindowsBankingApplication.csproj", "{410BFA75-5587-4BBB-8457-F039D6F9C1D5}"
EndProject
Global
	GlobalSection(SolutionConfigurationPlatforms) = preSolution
		Debug|x86 = Debug|x86
		Release|x86 = Release|x86
	EndGlobalSection
	GlobalSection(ProjectConfigurationPlatforms) = postSolution
		{410BFA75-5587-4BBB-8457-F039D6F9C1D5}.Debug|x86.ActiveCfg = Debug|x86
		{410BFA75-5587-4BBB-8457-F039D6F9C1D5}.Debug|x86.Build.0 = Debug|x86
		{410BFA75-5587-4BBB-8457-F039D6F9C1D5}.Release|x86.ActiveCfg = Release|x86
		{410BFA75-5587-4BBB-8457-F039D6F9C1D5}.Release|x86.Build.0 = Release|x86
	EndGlobalSection
	GlobalSection(SolutionProperties) = preSolution
		HideSolutionNode = FALSE
	EndGlobalSection
EndGlobal
